# THIS IS AN AUTOGENERATED FILE. DO NOT EDIT THIS FILE DIRECTLY.
# yarn lockfile v1


lodash@4.x.x:
  version "4.17.4"
  resolved "http://registry.npm.taobao.org/lodash/download/lodash-4.17.4.tgz#78203a4d1c328ae1d86dca6460e369b57f4055ae"

react-native-navigation@^1.1.88:
  version "1.1.88"
  resolved "http://registry.npm.taobao.org/react-native-navigation/download/react-native-navigation-1.1.88.tgz#22239c8c722b13a8750a5b99debd45bded13c2f5"
  dependencies:
    lodash "4.x.x"
